
Microsoft Visual Studio Solution File, Format Version 12.00
# Visual Studio Version 16
VisualStudioVersion = 16.0.29519.87
MinimumVisualStudioVersion = 10.0.40219.1
Project("{FAE04EC0-301F-11D3-BF4B-00C04F79EFBC}") = "databaseAPI", "databaseAPI\databaseAPI.csproj", "{15DAADFA-825E-4658-9476-AA745A16C0C8}"
EndProject
Project("{FAE04EC0-301F-11D3-BF4B-00C04F79EFBC}") = "MVC", "MVC\MVC.csproj", "{199B28BF-B0CB-408E-B8AA-588248FE0FCD}"
EndProject
Global
	GlobalSection(SolutionConfigurationPlatforms) = preSolution
		Debug|Any CPU = Debug|Any CPU
		Release|Any CPU = Release|Any CPU
	EndGlobalSection
	GlobalSection(ProjectConfigurationPlatforms) = postSolution
		{15DAADFA-825E-4658-9476-AA745A16C0C8}.Debug|Any CPU.ActiveCfg = Debug|Any CPU
		{15DAADFA-825E-4658-9476-AA745A16C0C8}.Debug|Any CPU.Build.0 = Debug|Any CPU
		{15DAADFA-825E-4658-9476-AA745A16C0C8}.Release|Any CPU.ActiveCfg = Release|Any CPU
		{15DAADFA-825E-4658-9476-AA745A16C0C8}.Release|Any CPU.Build.0 = Release|Any CPU
		{199B28BF-B0CB-408E-B8AA-588248FE0FCD}.Debug|Any CPU.ActiveCfg = Debug|Any CPU
		{199B28BF-B0CB-408E-B8AA-588248FE0FCD}.Debug|Any CPU.Build.0 = Debug|Any CPU
		{199B28BF-B0CB-408E-B8AA-588248FE0FCD}.Release|Any CPU.ActiveCfg = Release|Any CPU
		{199B28BF-B0CB-408E-B8AA-588248FE0FCD}.Release|Any CPU.Build.0 = Release|Any CPU
	EndGlobalSection
	GlobalSection(SolutionProperties) = preSolution
		HideSolutionNode = FALSE
	EndGlobalSection
	GlobalSection(ExtensibilityGlobals) = postSolution
		SolutionGuid = {015F4A5A-E7B9-4255-ACA0-C8F5513A1BF3}
	EndGlobalSection
EndGlobal
