
Microsoft Visual Studio Solution File, Format Version 12.00
# Visual Studio Version 16
VisualStudioVersion = 16.0.29519.87
MinimumVisualStudioVersion = 10.0.40219.1
Project("{FAE04EC0-301F-11D3-BF4B-00C04F79EFBC}") = "dataBaseProj", "dataBaseProj\dataBaseProj.csproj", "{351E9780-94AD-4056-B2C5-7DE27C6A95FA}"
EndProject
Global
	GlobalSection(SolutionConfigurationPlatforms) = preSolution
		Debug|Any CPU = Debug|Any CPU
		Release|Any CPU = Release|Any CPU
	EndGlobalSection
	GlobalSection(ProjectConfigurationPlatforms) = postSolution
		{351E9780-94AD-4056-B2C5-7DE27C6A95FA}.Debug|Any CPU.ActiveCfg = Debug|Any CPU
		{351E9780-94AD-4056-B2C5-7DE27C6A95FA}.Debug|Any CPU.Build.0 = Debug|Any CPU
		{351E9780-94AD-4056-B2C5-7DE27C6A95FA}.Release|Any CPU.ActiveCfg = Release|Any CPU
		{351E9780-94AD-4056-B2C5-7DE27C6A95FA}.Release|Any CPU.Build.0 = Release|Any CPU
	EndGlobalSection
	GlobalSection(SolutionProperties) = preSolution
		HideSolutionNode = FALSE
	EndGlobalSection
	GlobalSection(ExtensibilityGlobals) = postSolution
		SolutionGuid = {015F4A5A-E7B9-4255-ACA0-C8F5513A1BF3}
	EndGlobalSection
EndGlobal
